
Microsoft Visual Studio Solution File, Format Version 12.00
# Visual Studio Version 17
VisualStudioVersion = 17.11.35219.272
MinimumVisualStudioVersion = 10.0.40219.1
Project("{FAE04EC0-301F-11D3-BF4B-00C04F79EFBC}") = "LaBrochaGordaMVVM3381809", "LaBrochaGordaMVVM3381809\LaBrochaGordaMVVM3381809.csproj", "{E3E7D8D4-0558-49E8-92A8-61A4051641F8}"
EndProject
Global
	GlobalSection(SolutionConfigurationPlatforms) = preSolution
		Debug|Any CPU = Debug|Any CPU
		Release|Any CPU = Release|Any CPU
	EndGlobalSection
	GlobalSection(ProjectConfigurationPlatforms) = postSolution
		{E3E7D8D4-0558-49E8-92A8-61A4051641F8}.Debug|Any CPU.ActiveCfg = Debug|Any CPU
		{E3E7D8D4-0558-49E8-92A8-61A4051641F8}.Debug|Any CPU.Build.0 = Debug|Any CPU
		{E3E7D8D4-0558-49E8-92A8-61A4051641F8}.Debug|Any CPU.Deploy.0 = Debug|Any CPU
		{E3E7D8D4-0558-49E8-92A8-61A4051641F8}.Release|Any CPU.ActiveCfg = Release|Any CPU
		{E3E7D8D4-0558-49E8-92A8-61A4051641F8}.Release|Any CPU.Build.0 = Release|Any CPU
		{E3E7D8D4-0558-49E8-92A8-61A4051641F8}.Release|Any CPU.Deploy.0 = Release|Any CPU
	EndGlobalSection
	GlobalSection(SolutionProperties) = preSolution
		HideSolutionNode = FALSE
	EndGlobalSection
	GlobalSection(ExtensibilityGlobals) = postSolution
		SolutionGuid = {772D5282-FBD5-40D7-9137-5CBEB255848A}
	EndGlobalSection
EndGlobal
